
Microsoft Visual Studio Solution File, Format Version 12.00
# Visual Studio 15
VisualStudioVersion = 15.0.28307.1209
MinimumVisualStudioVersion = 10.0.40219.1
Project("{FAE04EC0-301F-11D3-BF4B-00C04F79EFBC}") = "ItemMasterMagentoApi", "ItemMasterMagentoApi\ItemMasterMagentoApi.csproj", "{0507DF5D-3C96-41F4-A08B-171A9AAD06DD}"
EndProject
Global
	GlobalSection(SolutionConfigurationPlatforms) = preSolution
		Debug|Any CPU = Debug|Any CPU
		Release|Any CPU = Release|Any CPU
	EndGlobalSection
	GlobalSection(ProjectConfigurationPlatforms) = postSolution
		{0507DF5D-3C96-41F4-A08B-171A9AAD06DD}.Debug|Any CPU.ActiveCfg = Debug|Any CPU
		{0507DF5D-3C96-41F4-A08B-171A9AAD06DD}.Debug|Any CPU.Build.0 = Debug|Any CPU
		{0507DF5D-3C96-41F4-A08B-171A9AAD06DD}.Release|Any CPU.ActiveCfg = Release|Any CPU
		{0507DF5D-3C96-41F4-A08B-171A9AAD06DD}.Release|Any CPU.Build.0 = Release|Any CPU
	EndGlobalSection
	GlobalSection(SolutionProperties) = preSolution
		HideSolutionNode = FALSE
	EndGlobalSection
	GlobalSection(ExtensibilityGlobals) = postSolution
		SolutionGuid = {DE8FB9BA-BF4A-4B8F-831A-C188FDCB3435}
	EndGlobalSection
EndGlobal
